
Microsoft Visual Studio Solution File, Format Version 12.00
# Visual Studio Version 17
VisualStudioVersion = 17.14.36121.58
MinimumVisualStudioVersion = 10.0.40219.1
Project("{54A90642-561A-4BB1-A94E-469ADEE60C69}") = "playground.client", "playground.client\playground.client.esproj", "{8D4A5349-E18A-0A50-987F-0B75C30D9AE7}"
EndProject
Project("{FAE04EC0-301F-11D3-BF4B-00C04F79EFBC}") = "Playground.Server", "Playground.Server\Playground.Server.csproj", "{4B1636FD-3C9F-4561-A75B-7643005DF837}"
EndProject
Project("{FAE04EC0-301F-11D3-BF4B-00C04F79EFBC}") = "Playground.User", "Playground.User\Playground.User.csproj", "{5027C107-DB92-4BBB-9645-D0AF8F0302E2}"
EndProject
Project("{FAE04EC0-301F-11D3-BF4B-00C04F79EFBC}") = "Playground.Gateway", "Playground.Gateway\Playground.Gateway.csproj", "{438BD8AF-3258-4317-9041-E7CF322AC61A}"
EndProject
Project("{FAE04EC0-301F-11D3-BF4B-00C04F79EFBC}") = "Playground.Catalog", "Playground.Catalog\Playground.Catalog.csproj", "{31A5B0F8-1B5A-437D-B4C6-40E1DB627B5C}"
EndProject
Project("{FAE04EC0-301F-11D3-BF4B-00C04F79EFBC}") = "Playground.Cart", "Playground.Cart\Playground.Cart.csproj", "{8A9603D8-74D7-4FE2-9BE7-EF210684AB16}"
EndProject
Project("{FAE04EC0-301F-11D3-BF4B-00C04F79EFBC}") = "Playground.WishList", "Playground.WishList\Playground.WishList.csproj", "{CD27CDE0-9AC4-4295-A6D9-E4622D604370}"
EndProject
Project("{FAE04EC0-301F-11D3-BF4B-00C04F79EFBC}") = "Playground.Tests", "Playground.Tests\Playground.Tests.csproj", "{92DE2EA3-07CE-4CEA-98C0-8EADFA993384}"
EndProject
Global
	GlobalSection(SolutionConfigurationPlatforms) = preSolution
		Debug|Any CPU = Debug|Any CPU
		Debug|x64 = Debug|x64
		Debug|x86 = Debug|x86
		Release|Any CPU = Release|Any CPU
		Release|x64 = Release|x64
		Release|x86 = Release|x86
	EndGlobalSection
	GlobalSection(ProjectConfigurationPlatforms) = postSolution
		{8D4A5349-E18A-0A50-987F-0B75C30D9AE7}.Debug|Any CPU.ActiveCfg = Debug|Any CPU
		{8D4A5349-E18A-0A50-987F-0B75C30D9AE7}.Debug|Any CPU.Build.0 = Debug|Any CPU
		{8D4A5349-E18A-0A50-987F-0B75C30D9AE7}.Debug|Any CPU.Deploy.0 = Debug|Any CPU
		{8D4A5349-E18A-0A50-987F-0B75C30D9AE7}.Debug|x64.ActiveCfg = Debug|x64
		{8D4A5349-E18A-0A50-987F-0B75C30D9AE7}.Debug|x86.ActiveCfg = Debug|x86
		{8D4A5349-E18A-0A50-987F-0B75C30D9AE7}.Release|Any CPU.ActiveCfg = Release|Any CPU
		{8D4A5349-E18A-0A50-987F-0B75C30D9AE7}.Release|Any CPU.Build.0 = Release|Any CPU
		{8D4A5349-E18A-0A50-987F-0B75C30D9AE7}.Release|Any CPU.Deploy.0 = Release|Any CPU
		{8D4A5349-E18A-0A50-987F-0B75C30D9AE7}.Release|x64.ActiveCfg = Release|x64
		{8D4A5349-E18A-0A50-987F-0B75C30D9AE7}.Release|x86.ActiveCfg = Release|x86
		{4B1636FD-3C9F-4561-A75B-7643005DF837}.Debug|Any CPU.ActiveCfg = Debug|Any CPU
		{4B1636FD-3C9F-4561-A75B-7643005DF837}.Debug|Any CPU.Build.0 = Debug|Any CPU
		{4B1636FD-3C9F-4561-A75B-7643005DF837}.Debug|x64.ActiveCfg = Debug|Any CPU
		{4B1636FD-3C9F-4561-A75B-7643005DF837}.Debug|x64.Build.0 = Debug|Any CPU
		{4B1636FD-3C9F-4561-A75B-7643005DF837}.Debug|x86.ActiveCfg = Debug|Any CPU
		{4B1636FD-3C9F-4561-A75B-7643005DF837}.Debug|x86.Build.0 = Debug|Any CPU
		{4B1636FD-3C9F-4561-A75B-7643005DF837}.Release|Any CPU.ActiveCfg = Release|Any CPU
		{4B1636FD-3C9F-4561-A75B-7643005DF837}.Release|Any CPU.Build.0 = Release|Any CPU
		{4B1636FD-3C9F-4561-A75B-7643005DF837}.Release|x64.ActiveCfg = Release|Any CPU
		{4B1636FD-3C9F-4561-A75B-7643005DF837}.Release|x64.Build.0 = Release|Any CPU
		{4B1636FD-3C9F-4561-A75B-7643005DF837}.Release|x86.ActiveCfg = Release|Any CPU
		{4B1636FD-3C9F-4561-A75B-7643005DF837}.Release|x86.Build.0 = Release|Any CPU
		{5027C107-DB92-4BBB-9645-D0AF8F0302E2}.Debug|Any CPU.ActiveCfg = Debug|Any CPU
		{5027C107-DB92-4BBB-9645-D0AF8F0302E2}.Debug|Any CPU.Build.0 = Debug|Any CPU
		{5027C107-DB92-4BBB-9645-D0AF8F0302E2}.Debug|x64.ActiveCfg = Debug|Any CPU
		{5027C107-DB92-4BBB-9645-D0AF8F0302E2}.Debug|x64.Build.0 = Debug|Any CPU
		{5027C107-DB92-4BBB-9645-D0AF8F0302E2}.Debug|x86.ActiveCfg = Debug|Any CPU
		{5027C107-DB92-4BBB-9645-D0AF8F0302E2}.Debug|x86.Build.0 = Debug|Any CPU
		{5027C107-DB92-4BBB-9645-D0AF8F0302E2}.Release|Any CPU.ActiveCfg = Release|Any CPU
		{5027C107-DB92-4BBB-9645-D0AF8F0302E2}.Release|Any CPU.Build.0 = Release|Any CPU
		{5027C107-DB92-4BBB-9645-D0AF8F0302E2}.Release|x64.ActiveCfg = Release|Any CPU
		{5027C107-DB92-4BBB-9645-D0AF8F0302E2}.Release|x64.Build.0 = Release|Any CPU
		{5027C107-DB92-4BBB-9645-D0AF8F0302E2}.Release|x86.ActiveCfg = Release|Any CPU
		{5027C107-DB92-4BBB-9645-D0AF8F0302E2}.Release|x86.Build.0 = Release|Any CPU
		{438BD8AF-3258-4317-9041-E7CF322AC61A}.Debug|Any CPU.ActiveCfg = Debug|Any CPU
		{438BD8AF-3258-4317-9041-E7CF322AC61A}.Debug|Any CPU.Build.0 = Debug|Any CPU
		{438BD8AF-3258-4317-9041-E7CF322AC61A}.Debug|x64.ActiveCfg = Debug|Any CPU
		{438BD8AF-3258-4317-9041-E7CF322AC61A}.Debug|x64.Build.0 = Debug|Any CPU
		{438BD8AF-3258-4317-9041-E7CF322AC61A}.Debug|x86.ActiveCfg = Debug|Any CPU
		{438BD8AF-3258-4317-9041-E7CF322AC61A}.Debug|x86.Build.0 = Debug|Any CPU
		{438BD8AF-3258-4317-9041-E7CF322AC61A}.Release|Any CPU.ActiveCfg = Release|Any CPU
		{438BD8AF-3258-4317-9041-E7CF322AC61A}.Release|Any CPU.Build.0 = Release|Any CPU
		{438BD8AF-3258-4317-9041-E7CF322AC61A}.Release|x64.ActiveCfg = Release|Any CPU
		{438BD8AF-3258-4317-9041-E7CF322AC61A}.Release|x64.Build.0 = Release|Any CPU
		{438BD8AF-3258-4317-9041-E7CF322AC61A}.Release|x86.ActiveCfg = Release|Any CPU
		{438BD8AF-3258-4317-9041-E7CF322AC61A}.Release|x86.Build.0 = Release|Any CPU
		{31A5B0F8-1B5A-437D-B4C6-40E1DB627B5C}.Debug|Any CPU.ActiveCfg = Debug|Any CPU
		{31A5B0F8-1B5A-437D-B4C6-40E1DB627B5C}.Debug|Any CPU.Build.0 = Debug|Any CPU
		{31A5B0F8-1B5A-437D-B4C6-40E1DB627B5C}.Debug|x64.ActiveCfg = Debug|Any CPU
		{31A5B0F8-1B5A-437D-B4C6-40E1DB627B5C}.Debug|x64.Build.0 = Debug|Any CPU
		{31A5B0F8-1B5A-437D-B4C6-40E1DB627B5C}.Debug|x86.ActiveCfg = Debug|Any CPU
		{31A5B0F8-1B5A-437D-B4C6-40E1DB627B5C}.Debug|x86.Build.0 = Debug|Any CPU
		{31A5B0F8-1B5A-437D-B4C6-40E1DB627B5C}.Release|Any CPU.ActiveCfg = Release|Any CPU
		{31A5B0F8-1B5A-437D-B4C6-40E1DB627B5C}.Release|Any CPU.Build.0 = Release|Any CPU
		{31A5B0F8-1B5A-437D-B4C6-40E1DB627B5C}.Release|x64.ActiveCfg = Release|Any CPU
		{31A5B0F8-1B5A-437D-B4C6-40E1DB627B5C}.Release|x64.Build.0 = Release|Any CPU
		{31A5B0F8-1B5A-437D-B4C6-40E1DB627B5C}.Release|x86.ActiveCfg = Release|Any CPU
		{31A5B0F8-1B5A-437D-B4C6-40E1DB627B5C}.Release|x86.Build.0 = Release|Any CPU
		{8A9603D8-74D7-4FE2-9BE7-EF210684AB16}.Debug|Any CPU.ActiveCfg = Debug|Any CPU
		{8A9603D8-74D7-4FE2-9BE7-EF210684AB16}.Debug|Any CPU.Build.0 = Debug|Any CPU
		{8A9603D8-74D7-4FE2-9BE7-EF210684AB16}.Debug|x64.ActiveCfg = Debug|Any CPU
		{8A9603D8-74D7-4FE2-9BE7-EF210684AB16}.Debug|x64.Build.0 = Debug|Any CPU
		{8A9603D8-74D7-4FE2-9BE7-EF210684AB16}.Debug|x86.ActiveCfg = Debug|Any CPU
		{8A9603D8-74D7-4FE2-9BE7-EF210684AB16}.Debug|x86.Build.0 = Debug|Any CPU
		{8A9603D8-74D7-4FE2-9BE7-EF210684AB16}.Release|Any CPU.ActiveCfg = Release|Any CPU
		{8A9603D8-74D7-4FE2-9BE7-EF210684AB16}.Release|Any CPU.Build.0 = Release|Any CPU
		{8A9603D8-74D7-4FE2-9BE7-EF210684AB16}.Release|x64.ActiveCfg = Release|Any CPU
		{8A9603D8-74D7-4FE2-9BE7-EF210684AB16}.Release|x64.Build.0 = Release|Any CPU
		{8A9603D8-74D7-4FE2-9BE7-EF210684AB16}.Release|x86.ActiveCfg = Release|Any CPU
		{8A9603D8-74D7-4FE2-9BE7-EF210684AB16}.Release|x86.Build.0 = Release|Any CPU
		{CD27CDE0-9AC4-4295-A6D9-E4622D604370}.Debug|Any CPU.ActiveCfg = Debug|Any CPU
		{CD27CDE0-9AC4-4295-A6D9-E4622D604370}.Debug|Any CPU.Build.0 = Debug|Any CPU
		{CD27CDE0-9AC4-4295-A6D9-E4622D604370}.Debug|x64.ActiveCfg = Debug|Any CPU
		{CD27CDE0-9AC4-4295-A6D9-E4622D604370}.Debug|x64.Build.0 = Debug|Any CPU
		{CD27CDE0-9AC4-4295-A6D9-E4622D604370}.Debug|x86.ActiveCfg = Debug|Any CPU
		{CD27CDE0-9AC4-4295-A6D9-E4622D604370}.Debug|x86.Build.0 = Debug|Any CPU
		{CD27CDE0-9AC4-4295-A6D9-E4622D604370}.Release|Any CPU.ActiveCfg = Release|Any CPU
		{CD27CDE0-9AC4-4295-A6D9-E4622D604370}.Release|Any CPU.Build.0 = Release|Any CPU
		{CD27CDE0-9AC4-4295-A6D9-E4622D604370}.Release|x64.ActiveCfg = Release|Any CPU
		{CD27CDE0-9AC4-4295-A6D9-E4622D604370}.Release|x64.Build.0 = Release|Any CPU
		{CD27CDE0-9AC4-4295-A6D9-E4622D604370}.Release|x86.ActiveCfg = Release|Any CPU
		{CD27CDE0-9AC4-4295-A6D9-E4622D604370}.Release|x86.Build.0 = Release|Any CPU
		{92DE2EA3-07CE-4CEA-98C0-8EADFA993384}.Debug|Any CPU.ActiveCfg = Debug|Any CPU
		{92DE2EA3-07CE-4CEA-98C0-8EADFA993384}.Debug|Any CPU.Build.0 = Debug|Any CPU
		{92DE2EA3-07CE-4CEA-98C0-8EADFA993384}.Debug|x64.ActiveCfg = Debug|Any CPU
		{92DE2EA3-07CE-4CEA-98C0-8EADFA993384}.Debug|x64.Build.0 = Debug|Any CPU
		{92DE2EA3-07CE-4CEA-98C0-8EADFA993384}.Debug|x86.ActiveCfg = Debug|Any CPU
		{92DE2EA3-07CE-4CEA-98C0-8EADFA993384}.Debug|x86.Build.0 = Debug|Any CPU
		{92DE2EA3-07CE-4CEA-98C0-8EADFA993384}.Release|Any CPU.ActiveCfg = Release|Any CPU
		{92DE2EA3-07CE-4CEA-98C0-8EADFA993384}.Release|Any CPU.Build.0 = Release|Any CPU
		{92DE2EA3-07CE-4CEA-98C0-8EADFA993384}.Release|x64.ActiveCfg = Release|Any CPU
		{92DE2EA3-07CE-4CEA-98C0-8EADFA993384}.Release|x64.Build.0 = Release|Any CPU
		{92DE2EA3-07CE-4CEA-98C0-8EADFA993384}.Release|x86.ActiveCfg = Release|Any CPU
		{92DE2EA3-07CE-4CEA-98C0-8EADFA993384}.Release|x86.Build.0 = Release|Any CPU
	EndGlobalSection
	GlobalSection(SolutionProperties) = preSolution
		HideSolutionNode = FALSE
	EndGlobalSection
	GlobalSection(ExtensibilityGlobals) = postSolution
		SolutionGuid = {B09B9F65-39AB-4AE6-ABE7-6484728AFC94}
	EndGlobalSection
EndGlobal
